
Microsoft Visual Studio Solution File, Format Version 12.00
# Visual Studio 15
VisualStudioVersion = 15.0.26124.0
MinimumVisualStudioVersion = 15.0.26124.0
Project("{FAE04EC0-301F-11D3-BF4B-00C04F79EFBC}") = "VovaLantsovBlog.Client", "src\Client\VovaLantsovBlog.Client.csproj", "{A67AA515-9C1F-4CC7-A4A8-89C25C84E250}"
EndProject
Project("{2150E333-8FDC-42A3-9474-1A3956D46DE8}") = "src", "src", "{A3757A84-72A7-4A5F-AA03-690B30CEDAD1}"
EndProject
Project("{FAE04EC0-301F-11D3-BF4B-00C04F79EFBC}") = "VovaLantsovBlog.Server", "src\Server\VovaLantsovBlog.Server.csproj", "{8F2F6C39-34E4-4B91-930D-517BBD18B9DD}"
EndProject
Project("{FAE04EC0-301F-11D3-BF4B-00C04F79EFBC}") = "VovaLantsovBlog.Shared", "src\Shared\VovaLantsovBlog.Shared.csproj", "{138E563C-FFC3-48E4-9EB0-7DA148DE65B8}"
EndProject
Project("{2150E333-8FDC-42A3-9474-1A3956D46DE8}") = "tests", "tests", "{5C53F9F4-74E4-4F10-A8EA-E55B2E7A7F21}"
EndProject
Project("{FAE04EC0-301F-11D3-BF4B-00C04F79EFBC}") = "VovaLantsovBlog.UnitTests", "tests\VovaLantsovBlog.UnitTests\VovaLantsovBlog.UnitTests.csproj", "{A0E3FA06-A4CE-4F4D-89AF-5A96BAFE6A2E}"
EndProject
Project("{FAE04EC0-301F-11D3-BF4B-00C04F79EFBC}") = "VovaLantsovBlog.IntegrationTests", "tests\VovaLantsovBlog.IntegrationTests\VovaLantsovBlog.IntegrationTests.csproj", "{A2BB80E2-D287-4780-95BD-772E95423945}"
EndProject
Project("{FAE04EC0-301F-11D3-BF4B-00C04F79EFBC}") = "VovaLantsovBlog.Data", "src\Data\VovaLantsovBlog.Data.csproj", "{E3D33325-29CE-4A0D-854A-6404DAF4CDAF}"
EndProject
Global
	GlobalSection(SolutionConfigurationPlatforms) = preSolution
		Debug|Any CPU = Debug|Any CPU
		Debug|x64 = Debug|x64
		Debug|x86 = Debug|x86
		Release|Any CPU = Release|Any CPU
		Release|x64 = Release|x64
		Release|x86 = Release|x86
	EndGlobalSection
	GlobalSection(SolutionProperties) = preSolution
		HideSolutionNode = FALSE
	EndGlobalSection
	GlobalSection(ProjectConfigurationPlatforms) = postSolution
		{A67AA515-9C1F-4CC7-A4A8-89C25C84E250}.Debug|Any CPU.ActiveCfg = Debug|Any CPU
		{A67AA515-9C1F-4CC7-A4A8-89C25C84E250}.Debug|Any CPU.Build.0 = Debug|Any CPU
		{A67AA515-9C1F-4CC7-A4A8-89C25C84E250}.Debug|x64.ActiveCfg = Debug|Any CPU
		{A67AA515-9C1F-4CC7-A4A8-89C25C84E250}.Debug|x64.Build.0 = Debug|Any CPU
		{A67AA515-9C1F-4CC7-A4A8-89C25C84E250}.Debug|x86.ActiveCfg = Debug|Any CPU
		{A67AA515-9C1F-4CC7-A4A8-89C25C84E250}.Debug|x86.Build.0 = Debug|Any CPU
		{A67AA515-9C1F-4CC7-A4A8-89C25C84E250}.Release|Any CPU.ActiveCfg = Release|Any CPU
		{A67AA515-9C1F-4CC7-A4A8-89C25C84E250}.Release|Any CPU.Build.0 = Release|Any CPU
		{A67AA515-9C1F-4CC7-A4A8-89C25C84E250}.Release|x64.ActiveCfg = Release|Any CPU
		{A67AA515-9C1F-4CC7-A4A8-89C25C84E250}.Release|x64.Build.0 = Release|Any CPU
		{A67AA515-9C1F-4CC7-A4A8-89C25C84E250}.Release|x86.ActiveCfg = Release|Any CPU
		{A67AA515-9C1F-4CC7-A4A8-89C25C84E250}.Release|x86.Build.0 = Release|Any CPU
		{8F2F6C39-34E4-4B91-930D-517BBD18B9DD}.Debug|Any CPU.ActiveCfg = Debug|Any CPU
		{8F2F6C39-34E4-4B91-930D-517BBD18B9DD}.Debug|Any CPU.Build.0 = Debug|Any CPU
		{8F2F6C39-34E4-4B91-930D-517BBD18B9DD}.Debug|x64.ActiveCfg = Debug|Any CPU
		{8F2F6C39-34E4-4B91-930D-517BBD18B9DD}.Debug|x64.Build.0 = Debug|Any CPU
		{8F2F6C39-34E4-4B91-930D-517BBD18B9DD}.Debug|x86.ActiveCfg = Debug|Any CPU
		{8F2F6C39-34E4-4B91-930D-517BBD18B9DD}.Debug|x86.Build.0 = Debug|Any CPU
		{8F2F6C39-34E4-4B91-930D-517BBD18B9DD}.Release|Any CPU.ActiveCfg = Release|Any CPU
		{8F2F6C39-34E4-4B91-930D-517BBD18B9DD}.Release|Any CPU.Build.0 = Release|Any CPU
		{8F2F6C39-34E4-4B91-930D-517BBD18B9DD}.Release|x64.ActiveCfg = Release|Any CPU
		{8F2F6C39-34E4-4B91-930D-517BBD18B9DD}.Release|x64.Build.0 = Release|Any CPU
		{8F2F6C39-34E4-4B91-930D-517BBD18B9DD}.Release|x86.ActiveCfg = Release|Any CPU
		{8F2F6C39-34E4-4B91-930D-517BBD18B9DD}.Release|x86.Build.0 = Release|Any CPU
		{138E563C-FFC3-48E4-9EB0-7DA148DE65B8}.Debug|Any CPU.ActiveCfg = Debug|Any CPU
		{138E563C-FFC3-48E4-9EB0-7DA148DE65B8}.Debug|Any CPU.Build.0 = Debug|Any CPU
		{138E563C-FFC3-48E4-9EB0-7DA148DE65B8}.Debug|x64.ActiveCfg = Debug|Any CPU
		{138E563C-FFC3-48E4-9EB0-7DA148DE65B8}.Debug|x64.Build.0 = Debug|Any CPU
		{138E563C-FFC3-48E4-9EB0-7DA148DE65B8}.Debug|x86.ActiveCfg = Debug|Any CPU
		{138E563C-FFC3-48E4-9EB0-7DA148DE65B8}.Debug|x86.Build.0 = Debug|Any CPU
		{138E563C-FFC3-48E4-9EB0-7DA148DE65B8}.Release|Any CPU.ActiveCfg = Release|Any CPU
		{138E563C-FFC3-48E4-9EB0-7DA148DE65B8}.Release|Any CPU.Build.0 = Release|Any CPU
		{138E563C-FFC3-48E4-9EB0-7DA148DE65B8}.Release|x64.ActiveCfg = Release|Any CPU
		{138E563C-FFC3-48E4-9EB0-7DA148DE65B8}.Release|x64.Build.0 = Release|Any CPU
		{138E563C-FFC3-48E4-9EB0-7DA148DE65B8}.Release|x86.ActiveCfg = Release|Any CPU
		{138E563C-FFC3-48E4-9EB0-7DA148DE65B8}.Release|x86.Build.0 = Release|Any CPU
		{A0E3FA06-A4CE-4F4D-89AF-5A96BAFE6A2E}.Debug|Any CPU.ActiveCfg = Debug|Any CPU
		{A0E3FA06-A4CE-4F4D-89AF-5A96BAFE6A2E}.Debug|Any CPU.Build.0 = Debug|Any CPU
		{A0E3FA06-A4CE-4F4D-89AF-5A96BAFE6A2E}.Debug|x64.ActiveCfg = Debug|Any CPU
		{A0E3FA06-A4CE-4F4D-89AF-5A96BAFE6A2E}.Debug|x64.Build.0 = Debug|Any CPU
		{A0E3FA06-A4CE-4F4D-89AF-5A96BAFE6A2E}.Debug|x86.ActiveCfg = Debug|Any CPU
		{A0E3FA06-A4CE-4F4D-89AF-5A96BAFE6A2E}.Debug|x86.Build.0 = Debug|Any CPU
		{A0E3FA06-A4CE-4F4D-89AF-5A96BAFE6A2E}.Release|Any CPU.ActiveCfg = Release|Any CPU
		{A0E3FA06-A4CE-4F4D-89AF-5A96BAFE6A2E}.Release|Any CPU.Build.0 = Release|Any CPU
		{A0E3FA06-A4CE-4F4D-89AF-5A96BAFE6A2E}.Release|x64.ActiveCfg = Release|Any CPU
		{A0E3FA06-A4CE-4F4D-89AF-5A96BAFE6A2E}.Release|x64.Build.0 = Release|Any CPU
		{A0E3FA06-A4CE-4F4D-89AF-5A96BAFE6A2E}.Release|x86.ActiveCfg = Release|Any CPU
		{A0E3FA06-A4CE-4F4D-89AF-5A96BAFE6A2E}.Release|x86.Build.0 = Release|Any CPU
		{A2BB80E2-D287-4780-95BD-772E95423945}.Debug|Any CPU.ActiveCfg = Debug|Any CPU
		{A2BB80E2-D287-4780-95BD-772E95423945}.Debug|Any CPU.Build.0 = Debug|Any CPU
		{A2BB80E2-D287-4780-95BD-772E95423945}.Debug|x64.ActiveCfg = Debug|Any CPU
		{A2BB80E2-D287-4780-95BD-772E95423945}.Debug|x64.Build.0 = Debug|Any CPU
		{A2BB80E2-D287-4780-95BD-772E95423945}.Debug|x86.ActiveCfg = Debug|Any CPU
		{A2BB80E2-D287-4780-95BD-772E95423945}.Debug|x86.Build.0 = Debug|Any CPU
		{A2BB80E2-D287-4780-95BD-772E95423945}.Release|Any CPU.ActiveCfg = Release|Any CPU
		{A2BB80E2-D287-4780-95BD-772E95423945}.Release|Any CPU.Build.0 = Release|Any CPU
		{A2BB80E2-D287-4780-95BD-772E95423945}.Release|x64.ActiveCfg = Release|Any CPU
		{A2BB80E2-D287-4780-95BD-772E95423945}.Release|x64.Build.0 = Release|Any CPU
		{A2BB80E2-D287-4780-95BD-772E95423945}.Release|x86.ActiveCfg = Release|Any CPU
		{A2BB80E2-D287-4780-95BD-772E95423945}.Release|x86.Build.0 = Release|Any CPU
		{E3D33325-29CE-4A0D-854A-6404DAF4CDAF}.Debug|Any CPU.ActiveCfg = Debug|Any CPU
		{E3D33325-29CE-4A0D-854A-6404DAF4CDAF}.Debug|Any CPU.Build.0 = Debug|Any CPU
		{E3D33325-29CE-4A0D-854A-6404DAF4CDAF}.Debug|x64.ActiveCfg = Debug|Any CPU
		{E3D33325-29CE-4A0D-854A-6404DAF4CDAF}.Debug|x64.Build.0 = Debug|Any CPU
		{E3D33325-29CE-4A0D-854A-6404DAF4CDAF}.Debug|x86.ActiveCfg = Debug|Any CPU
		{E3D33325-29CE-4A0D-854A-6404DAF4CDAF}.Debug|x86.Build.0 = Debug|Any CPU
		{E3D33325-29CE-4A0D-854A-6404DAF4CDAF}.Release|Any CPU.ActiveCfg = Release|Any CPU
		{E3D33325-29CE-4A0D-854A-6404DAF4CDAF}.Release|Any CPU.Build.0 = Release|Any CPU
		{E3D33325-29CE-4A0D-854A-6404DAF4CDAF}.Release|x64.ActiveCfg = Release|Any CPU
		{E3D33325-29CE-4A0D-854A-6404DAF4CDAF}.Release|x64.Build.0 = Release|Any CPU
		{E3D33325-29CE-4A0D-854A-6404DAF4CDAF}.Release|x86.ActiveCfg = Release|Any CPU
		{E3D33325-29CE-4A0D-854A-6404DAF4CDAF}.Release|x86.Build.0 = Release|Any CPU
	EndGlobalSection
	GlobalSection(NestedProjects) = preSolution
		{A67AA515-9C1F-4CC7-A4A8-89C25C84E250} = {A3757A84-72A7-4A5F-AA03-690B30CEDAD1}
		{8F2F6C39-34E4-4B91-930D-517BBD18B9DD} = {A3757A84-72A7-4A5F-AA03-690B30CEDAD1}
		{138E563C-FFC3-48E4-9EB0-7DA148DE65B8} = {A3757A84-72A7-4A5F-AA03-690B30CEDAD1}
		{A0E3FA06-A4CE-4F4D-89AF-5A96BAFE6A2E} = {5C53F9F4-74E4-4F10-A8EA-E55B2E7A7F21}
		{A2BB80E2-D287-4780-95BD-772E95423945} = {5C53F9F4-74E4-4F10-A8EA-E55B2E7A7F21}
		{E3D33325-29CE-4A0D-854A-6404DAF4CDAF} = {A3757A84-72A7-4A5F-AA03-690B30CEDAD1}
	EndGlobalSection
EndGlobal
